
Microsoft Visual Studio Solution File, Format Version 12.00
# Visual Studio Version 17
VisualStudioVersion = 17.8.34511.84
MinimumVisualStudioVersion = 10.0.40219.1
Project("{9A19103F-16F7-4668-BE54-9A1E7A4F7556}") = "VGManager.Communication.Kafka", "VGManager.Communication.Kafka\VGManager.Communication.Kafka.csproj", "{178DA86F-636D-42FC-9BF9-73229D97F7E2}"
EndProject
Project("{9A19103F-16F7-4668-BE54-9A1E7A4F7556}") = "VGManager.Communication.Kafka.ReqResp", "VGManager.Communication.Kafka.ReqResp\VGManager.Communication.Kafka.ReqResp.csproj", "{D1AE863D-F72A-4E75-AB35-15A094ABD420}"
EndProject
Project("{9A19103F-16F7-4668-BE54-9A1E7A4F7556}") = "VGManager.Communication.Models", "VGManager.Communication.Models\VGManager.Communication.Models.csproj", "{2BD667C3-0D38-4D60-9034-9506BEEBE580}"
EndProject
Project("{2150E333-8FDC-42A3-9474-1A3956D46DE8}") = "Tests", "Tests", "{7D0B8CFE-6161-4846-A26D-AEF9C59414A0}"
EndProject
Project("{FAE04EC0-301F-11D3-BF4B-00C04F79EFBC}") = "VGManager.Communication", "VGManager.Communication\VGManager.Communication.csproj", "{8014B1DC-8A58-4BF0-B504-0CC26451508C}"
EndProject
Global
	GlobalSection(SolutionConfigurationPlatforms) = preSolution
		Debug|Any CPU = Debug|Any CPU
		Release|Any CPU = Release|Any CPU
	EndGlobalSection
	GlobalSection(ProjectConfigurationPlatforms) = postSolution
		{178DA86F-636D-42FC-9BF9-73229D97F7E2}.Debug|Any CPU.ActiveCfg = Debug|Any CPU
		{178DA86F-636D-42FC-9BF9-73229D97F7E2}.Debug|Any CPU.Build.0 = Debug|Any CPU
		{178DA86F-636D-42FC-9BF9-73229D97F7E2}.Release|Any CPU.ActiveCfg = Release|Any CPU
		{178DA86F-636D-42FC-9BF9-73229D97F7E2}.Release|Any CPU.Build.0 = Release|Any CPU
		{D1AE863D-F72A-4E75-AB35-15A094ABD420}.Debug|Any CPU.ActiveCfg = Debug|Any CPU
		{D1AE863D-F72A-4E75-AB35-15A094ABD420}.Debug|Any CPU.Build.0 = Debug|Any CPU
		{D1AE863D-F72A-4E75-AB35-15A094ABD420}.Release|Any CPU.ActiveCfg = Release|Any CPU
		{D1AE863D-F72A-4E75-AB35-15A094ABD420}.Release|Any CPU.Build.0 = Release|Any CPU
		{2BD667C3-0D38-4D60-9034-9506BEEBE580}.Debug|Any CPU.ActiveCfg = Debug|Any CPU
		{2BD667C3-0D38-4D60-9034-9506BEEBE580}.Debug|Any CPU.Build.0 = Debug|Any CPU
		{2BD667C3-0D38-4D60-9034-9506BEEBE580}.Release|Any CPU.ActiveCfg = Release|Any CPU
		{2BD667C3-0D38-4D60-9034-9506BEEBE580}.Release|Any CPU.Build.0 = Release|Any CPU
		{8014B1DC-8A58-4BF0-B504-0CC26451508C}.Debug|Any CPU.ActiveCfg = Debug|Any CPU
		{8014B1DC-8A58-4BF0-B504-0CC26451508C}.Debug|Any CPU.Build.0 = Debug|Any CPU
		{8014B1DC-8A58-4BF0-B504-0CC26451508C}.Release|Any CPU.ActiveCfg = Release|Any CPU
		{8014B1DC-8A58-4BF0-B504-0CC26451508C}.Release|Any CPU.Build.0 = Release|Any CPU
	EndGlobalSection
	GlobalSection(SolutionProperties) = preSolution
		HideSolutionNode = FALSE
	EndGlobalSection
	GlobalSection(NestedProjects) = preSolution
		{8014B1DC-8A58-4BF0-B504-0CC26451508C} = {7D0B8CFE-6161-4846-A26D-AEF9C59414A0}
	EndGlobalSection
	GlobalSection(ExtensibilityGlobals) = postSolution
		SolutionGuid = {B68456BD-B452-4B67-8EA0-0FFB08E85E84}
	EndGlobalSection
EndGlobal
